
Microsoft Visual Studio Solution File, Format Version 12.00
# Visual Studio 15
VisualStudioVersion = 15.0.27130.2024
MinimumVisualStudioVersion = 10.0.40219.1
Project("{FAE04EC0-301F-11D3-BF4B-00C04F79EFBC}") = "AistrikesV-Client", "AistrikesV-Client\AistrikesV-Client.csproj", "{38C52BF3-BFE8-42EF-B908-2FE9EE1FA4FE}"
EndProject
Global
	GlobalSection(SolutionConfigurationPlatforms) = preSolution
		Debug|Any CPU = Debug|Any CPU
		Release|Any CPU = Release|Any CPU
	EndGlobalSection
	GlobalSection(ProjectConfigurationPlatforms) = postSolution
		{38C52BF3-BFE8-42EF-B908-2FE9EE1FA4FE}.Debug|Any CPU.ActiveCfg = Debug|Any CPU
		{38C52BF3-BFE8-42EF-B908-2FE9EE1FA4FE}.Debug|Any CPU.Build.0 = Debug|Any CPU
		{38C52BF3-BFE8-42EF-B908-2FE9EE1FA4FE}.Release|Any CPU.ActiveCfg = Release|Any CPU
		{38C52BF3-BFE8-42EF-B908-2FE9EE1FA4FE}.Release|Any CPU.Build.0 = Release|Any CPU
	EndGlobalSection
	GlobalSection(SolutionProperties) = preSolution
		HideSolutionNode = FALSE
	EndGlobalSection
	GlobalSection(ExtensibilityGlobals) = postSolution
		SolutionGuid = {6446E276-00FA-4D3E-9BA6-069E6BF24C7B}
	EndGlobalSection
EndGlobal
